
Microsoft Visual Studio Solution File, Format Version 12.00
# Visual Studio 15
VisualStudioVersion = 15.0.28307.329
MinimumVisualStudioVersion = 10.0.40219.1
Project("{FAE04EC0-301F-11D3-BF4B-00C04F79EFBC}") = "URLEncoder", "URLEncoder\URLEncoder.csproj", "{D6C30488-3CBA-4AFC-ADBC-0109747BCA9A}"
EndProject
Global
	GlobalSection(SolutionConfigurationPlatforms) = preSolution
		Debug|Any CPU = Debug|Any CPU
		Release|Any CPU = Release|Any CPU
	EndGlobalSection
	GlobalSection(ProjectConfigurationPlatforms) = postSolution
		{D6C30488-3CBA-4AFC-ADBC-0109747BCA9A}.Debug|Any CPU.ActiveCfg = Debug|Any CPU
		{D6C30488-3CBA-4AFC-ADBC-0109747BCA9A}.Debug|Any CPU.Build.0 = Debug|Any CPU
		{D6C30488-3CBA-4AFC-ADBC-0109747BCA9A}.Release|Any CPU.ActiveCfg = Release|Any CPU
		{D6C30488-3CBA-4AFC-ADBC-0109747BCA9A}.Release|Any CPU.Build.0 = Release|Any CPU
	EndGlobalSection
	GlobalSection(SolutionProperties) = preSolution
		HideSolutionNode = FALSE
	EndGlobalSection
	GlobalSection(ExtensibilityGlobals) = postSolution
		SolutionGuid = {9BAAB3A7-9BA0-4863-B987-6CBAD21F1E48}
	EndGlobalSection
EndGlobal
